hash: 949d5ab59ce27f116a614ccd4050ffab5c56e98ef30f885315040a46fc422661
updated: 2017-08-12T19:27:59.7508355-07:00
imports:
- name: github.com/dyweb/gommon
  version: 82c5398e6809f6c4c2f8b1d7328c2340d1b796d4
  vcs: git
  subpackages:
  - log
  - structure
- name: github.com/pkg/errors
  version: 645ef00459ed84a119197bfb8d8205042c6df63d
  vcs: git
- name: github.com/spf13/cobra
  version: 8c6fa02d2225de0f9bdcb7ca912556f68d172d8c
  vcs: git
testImports:
- name: github.com/stretchr/testify
  version: f6abca593680b2315d2075e0f5e2a9751e3f431a
  vcs: git
